// !$*UTF8*$!
{
	archiveVersion = 1;
	classes = {
	};
	objectVersion = 50;
	objects = {

/* Begin PBXBuildFile section */
		8D43BD86220B4B59000BA29B /* AppDelegate.swift in Sources */ = {isa = PBXBuildFile; fileRef = 8D43BD85220B4B59000BA29B /* AppDelegate.swift */; };
		8D43BD88220B4B59000BA29B /* ViewController.swift in Sources */ = {isa = PBXBuildFile; fileRef = 8D43BD87220B4B59000BA29B /* ViewController.swift */; };
		8D43BD8D220B4B5A000BA29B /* Assets.xcassets in Resources */ = {isa = PBXBuildFile; fileRef = 8D43BD8C220B4B5A000BA29B /* Assets.xcassets */; };
		8D43BD90220B4B5A000BA29B /* LaunchScreen.storyboard in Resources */ = {isa = PBXBuildFile; fileRef = 8D43BD8E220B4B5A000BA29B /* LaunchScreen.storyboard */; };
		8D43BD9A220BACE1000BA29B /* AgentAuthenticationViewController.swift in Sources */ = {isa = PBXBuildFile; fileRef = 8D43BD98220BACE1000BA29B /* AgentAuthenticationViewController.swift */; };
		8D43BD9B220BACE1000BA29B /* AgentAuthenticationViewController.xib in Resources */ = {isa = PBXBuildFile; fileRef = 8D43BD99220BACE1000BA29B /* AgentAuthenticationViewController.xib */; };
		8D43BD9E220BE132000BA29B /* PINInputViewController.swift in Sources */ = {isa = PBXBuildFile; fileRef = 8D43BD9C220BE132000BA29B /* PINInputViewController.swift */; };
		8D43BD9F220BE132000BA29B /* PINInputViewController.xib in Resources */ = {isa = PBXBuildFile; fileRef = 8D43BD9D220BE132000BA29B /* PINInputViewController.xib */; };
		8D43BDA2220BE4F9000BA29B /* MissionListViewController.swift in Sources */ = {isa = PBXBuildFile; fileRef = 8D43BDA0220BE4F9000BA29B /* MissionListViewController.swift */; };
		8D43BDA3220BE4F9000BA29B /* MissionListViewController.xib in Resources */ = {isa = PBXBuildFile; fileRef = 8D43BDA1220BE4F9000BA29B /* MissionListViewController.xib */; };
		8D43BDA6220BE733000BA29B /* MissionDetailViewController.swift in Sources */ = {isa = PBXBuildFile; fileRef = 8D43BDA4220BE733000BA29B /* MissionDetailViewController.swift */; };
		8D43BDA7220BE733000BA29B /* MissionDetailViewController.xib in Resources */ = {isa = PBXBuildFile; fileRef = 8D43BDA5220BE733000BA29B /* MissionDetailViewController.xib */; };
		8D43BDAB220BFBDC000BA29B /* Mission.swift in Sources */ = {isa = PBXBuildFile; fileRef = 8D43BDAA220BFBDC000BA29B /* Mission.swift */; };
		8D43BDAD220BFC69000BA29B /* Agent.swift in Sources */ = {isa = PBXBuildFile; fileRef = 8D43BDAC220BFC69000BA29B /* Agent.swift */; };
		8D43BDB1220BFE17000BA29B /* AgentStorage.swift in Sources */ = {isa = PBXBuildFile; fileRef = 8D43BDB0220BFE17000BA29B /* AgentStorage.swift */; };
		8D43BDB8220C0399000BA29B /* MissionCell.swift in Sources */ = {isa = PBXBuildFile; fileRef = 8D43BDB6220C0399000BA29B /* MissionCell.swift */; };
		8D43BDB9220C0399000BA29B /* MissionCell.xib in Resources */ = {isa = PBXBuildFile; fileRef = 8D43BDB7220C0399000BA29B /* MissionCell.xib */; };
		8D43BDBC220C0918000BA29B /* MissionListViewModel.swift in Sources */ = {isa = PBXBuildFile; fileRef = 8D43BDBB220C0918000BA29B /* MissionListViewModel.swift */; };
		8D43BDBE220C14E5000BA29B /* MissionDetailViewModel.swift in Sources */ = {isa = PBXBuildFile; fileRef = 8D43BDBD220C14E5000BA29B /* MissionDetailViewModel.swift */; };
		8D43BDC1220C1A0D000BA29B /* PINInputViewModel.swift in Sources */ = {isa = PBXBuildFile; fileRef = 8D43BDC0220C1A0D000BA29B /* PINInputViewModel.swift */; };
		8D43BDC4220C1A61000BA29B /* NewAgentPINInputViewModel.swift in Sources */ = {isa = PBXBuildFile; fileRef = 8D43BDC3220C1A61000BA29B /* NewAgentPINInputViewModel.swift */; };
		8D43BDC6220C1AF6000BA29B /* ReturningAgentPINViewModel.swift in Sources */ = {isa = PBXBuildFile; fileRef = 8D43BDC5220C1AF6000BA29B /* ReturningAgentPINViewModel.swift */; };
/* End PBXBuildFile section */

/* Begin PBXFileReference section */
		8D43BD82220B4B59000BA29B /* FlowCoordinatorPOC.app */ = {isa = PBXFileReference; explicitFileType = wrapper.application; includeInIndex = 0; path = FlowCoordinatorPOC.app; sourceTree = BUILT_PRODUCTS_DIR; };
		8D43BD85220B4B59000BA29B /* AppDelegate.swift */ = {isa = PBXFileReference; lastKnownFileType = sourcecode.swift; path = AppDelegate.swift; sourceTree = "<group>"; };
		8D43BD87220B4B59000BA29B /* ViewController.swift */ = {isa = PBXFileReference; lastKnownFileType = sourcecode.swift; path = ViewController.swift; sourceTree = "<group>"; };
		8D43BD8C220B4B5A000BA29B /* Assets.xcassets */ = {isa = PBXFileReference; lastKnownFileType = folder.assetcatalog; path = Assets.xcassets; sourceTree = "<group>"; };
		8D43BD8F220B4B5A000BA29B /* Base */ = {isa = PBXFileReference; lastKnownFileType = file.storyboard; name = Base; path = Base.lproj/LaunchScreen.storyboard; sourceTree = "<group>"; };
		8D43BD91220B4B5A000BA29B /* Info.plist */ = {isa = PBXFileReference; lastKnownFileType = text.plist.xml; path = Info.plist; sourceTree = "<group>"; };
		8D43BD98220BACE1000BA29B /* AgentAuthenticationViewController.swift */ = {isa = PBXFileReference; lastKnownFileType = sourcecode.swift; path = AgentAuthenticationViewController.swift; sourceTree = "<group>"; };
		8D43BD99220BACE1000BA29B /* AgentAuthenticationViewController.xib */ = {isa = PBXFileReference; lastKnownFileType = file.xib; path = AgentAuthenticationViewController.xib; sourceTree = "<group>"; };
		8D43BD9C220BE132000BA29B /* PINInputViewController.swift */ = {isa = PBXFileReference; lastKnownFileType = sourcecode.swift; path = PINInputViewController.swift; sourceTree = "<group>"; };
		8D43BD9D220BE132000BA29B /* PINInputViewController.xib */ = {isa = PBXFileReference; lastKnownFileType = file.xib; path = PINInputViewController.xib; sourceTree = "<group>"; };
		8D43BDA0220BE4F9000BA29B /* MissionListViewController.swift */ = {isa = PBXFileReference; lastKnownFileType = sourcecode.swift; path = MissionListViewController.swift; sourceTree = "<group>"; };
		8D43BDA1220BE4F9000BA29B /* MissionListViewController.xib */ = {isa = PBXFileReference; lastKnownFileType = file.xib; path = MissionListViewController.xib; sourceTree = "<group>"; };
		8D43BDA4220BE733000BA29B /* MissionDetailViewController.swift */ = {isa = PBXFileReference; lastKnownFileType = sourcecode.swift; path = MissionDetailViewController.swift; sourceTree = "<group>"; };
		8D43BDA5220BE733000BA29B /* MissionDetailViewController.xib */ = {isa = PBXFileReference; lastKnownFileType = file.xib; path = MissionDetailViewController.xib; sourceTree = "<group>"; };
		8D43BDAA220BFBDC000BA29B /* Mission.swift */ = {isa = PBXFileReference; lastKnownFileType = sourcecode.swift; path = Mission.swift; sourceTree = "<group>"; };
		8D43BDAC220BFC69000BA29B /* Agent.swift */ = {isa = PBXFileReference; lastKnownFileType = sourcecode.swift; path = Agent.swift; sourceTree = "<group>"; };
		8D43BDB0220BFE17000BA29B /* AgentStorage.swift */ = {isa = PBXFileReference; lastKnownFileType = sourcecode.swift; path = AgentStorage.swift; sourceTree = "<group>"; };
		8D43BDB6220C0399000BA29B /* MissionCell.swift */ = {isa = PBXFileReference; lastKnownFileType = sourcecode.swift; path = MissionCell.swift; sourceTree = "<group>"; };
		8D43BDB7220C0399000BA29B /* MissionCell.xib */ = {isa = PBXFileReference; lastKnownFileType = file.xib; path = MissionCell.xib; sourceTree = "<group>"; };
		8D43BDBB220C0918000BA29B /* MissionListViewModel.swift */ = {isa = PBXFileReference; lastKnownFileType = sourcecode.swift; path = MissionListViewModel.swift; sourceTree = "<group>"; };
		8D43BDBD220C14E5000BA29B /* MissionDetailViewModel.swift */ = {isa = PBXFileReference; lastKnownFileType = sourcecode.swift; path = MissionDetailViewModel.swift; sourceTree = "<group>"; };
		8D43BDC0220C1A0D000BA29B /* PINInputViewModel.swift */ = {isa = PBXFileReference; lastKnownFileType = sourcecode.swift; path = PINInputViewModel.swift; sourceTree = "<group>"; };
		8D43BDC3220C1A61000BA29B /* NewAgentPINInputViewModel.swift */ = {isa = PBXFileReference; lastKnownFileType = sourcecode.swift; path = NewAgentPINInputViewModel.swift; sourceTree = "<group>"; };
		8D43BDC5220C1AF6000BA29B /* ReturningAgentPINViewModel.swift */ = {isa = PBXFileReference; lastKnownFileType = sourcecode.swift; path = ReturningAgentPINViewModel.swift; sourceTree = "<group>"; };
/* End PBXFileReference section */

/* Begin PBXFrameworksBuildPhase section */
		8D43BD7F220B4B59000BA29B /* Frameworks */ = {
			isa = PBXFrameworksBuildPhase;
			buildActionMask = 2147483647;
			files = (
			);
			runOnlyForDeploymentPostprocessing = 0;
		};
/* End PBXFrameworksBuildPhase section */

/* Begin PBXGroup section */
		8D43BD79220B4B59000BA29B = {
			isa = PBXGroup;
			children = (
				8D43BD84220B4B59000BA29B /* FlowCoordinatorPOC */,
				8D43BD83220B4B59000BA29B /* Products */,
			);
			sourceTree = "<group>";
		};
		8D43BD83220B4B59000BA29B /* Products */ = {
			isa = PBXGroup;
			children = (
				8D43BD82220B4B59000BA29B /* FlowCoordinatorPOC.app */,
			);
			name = Products;
			sourceTree = "<group>";
		};
		8D43BD84220B4B59000BA29B /* FlowCoordinatorPOC */ = {
			isa = PBXGroup;
			children = (
				8D43BDA9220BFBCA000BA29B /* Entities */,
				8D43BDAF220BFC91000BA29B /* Storages */,
				8D43BDBA220C08FF000BA29B /* ViewModels */,
				8D43BDB5220C0379000BA29B /* TableViewCells */,
				8D43BD97220BACB3000BA29B /* ViewControllers */,
				8D43BD85220B4B59000BA29B /* AppDelegate.swift */,
				8D43BD87220B4B59000BA29B /* ViewController.swift */,
				8D43BD8C220B4B5A000BA29B /* Assets.xcassets */,
				8D43BD8E220B4B5A000BA29B /* LaunchScreen.storyboard */,
				8D43BD91220B4B5A000BA29B /* Info.plist */,
			);
			path = FlowCoordinatorPOC;
			sourceTree = "<group>";
		};
		8D43BD97220BACB3000BA29B /* ViewControllers */ = {
			isa = PBXGroup;
			children = (
				8D43BD98220BACE1000BA29B /* AgentAuthenticationViewController.swift */,
				8D43BD99220BACE1000BA29B /* AgentAuthenticationViewController.xib */,
				8D43BD9C220BE132000BA29B /* PINInputViewController.swift */,
				8D43BD9D220BE132000BA29B /* PINInputViewController.xib */,
				8D43BDA0220BE4F9000BA29B /* MissionListViewController.swift */,
				8D43BDA1220BE4F9000BA29B /* MissionListViewController.xib */,
				8D43BDA4220BE733000BA29B /* MissionDetailViewController.swift */,
				8D43BDA5220BE733000BA29B /* MissionDetailViewController.xib */,
			);
			path = ViewControllers;
			sourceTree = "<group>";
		};
		8D43BDA9220BFBCA000BA29B /* Entities */ = {
			isa = PBXGroup;
			children = (
				8D43BDAA220BFBDC000BA29B /* Mission.swift */,
				8D43BDAC220BFC69000BA29B /* Agent.swift */,
			);
			path = Entities;
			sourceTree = "<group>";
		};
		8D43BDAF220BFC91000BA29B /* Storages */ = {
			isa = PBXGroup;
			children = (
				8D43BDB0220BFE17000BA29B /* AgentStorage.swift */,
			);
			path = Storages;
			sourceTree = "<group>";
		};
		8D43BDB5220C0379000BA29B /* TableViewCells */ = {
			isa = PBXGroup;
			children = (
				8D43BDB6220C0399000BA29B /* MissionCell.swift */,
				8D43BDB7220C0399000BA29B /* MissionCell.xib */,
			);
			path = TableViewCells;
			sourceTree = "<group>";
		};
		8D43BDBA220C08FF000BA29B /* ViewModels */ = {
			isa = PBXGroup;
			children = (
				8D43BDBF220C19FE000BA29B /* Protocols */,
				8D43BDBB220C0918000BA29B /* MissionListViewModel.swift */,
				8D43BDBD220C14E5000BA29B /* MissionDetailViewModel.swift */,
				8D43BDC3220C1A61000BA29B /* NewAgentPINInputViewModel.swift */,
				8D43BDC5220C1AF6000BA29B /* ReturningAgentPINViewModel.swift */,
			);
			path = ViewModels;
			sourceTree = "<group>";
		};
		8D43BDBF220C19FE000BA29B /* Protocols */ = {
			isa = PBXGroup;
			children = (
				8D43BDC0220C1A0D000BA29B /* PINInputViewModel.swift */,
			);
			path = Protocols;
			sourceTree = "<group>";
		};
/* End PBXGroup section */

/* Begin PBXNativeTarget section */
		8D43BD81220B4B59000BA29B /* FlowCoordinatorPOC */ = {
			isa = PBXNativeTarget;
			buildConfigurationList = 8D43BD94220B4B5A000BA29B /* Build configuration list for PBXNativeTarget "FlowCoordinatorPOC" */;
			buildPhases = (
				8D43BD7E220B4B59000BA29B /* Sources */,
				8D43BD7F220B4B59000BA29B /* Frameworks */,
				8D43BD80220B4B59000BA29B /* Resources */,
			);
			buildRules = (
			);
			dependencies = (
			);
			name = FlowCoordinatorPOC;
			productName = FlowCoordinatorPOC;
			productReference = 8D43BD82220B4B59000BA29B /* FlowCoordinatorPOC.app */;
			productType = "com.apple.product-type.application";
		};
/* End PBXNativeTarget section */

/* Begin PBXProject section */
		8D43BD7A220B4B59000BA29B /* Project object */ = {
			isa = PBXProject;
			attributes = {
				LastSwiftUpdateCheck = 1010;
				LastUpgradeCheck = 1010;
				ORGANIZATIONNAME = "Ricardo Pramana Suranta";
				TargetAttributes = {
					8D43BD81220B4B59000BA29B = {
						CreatedOnToolsVersion = 10.1;
					};
				};
			};
			buildConfigurationList = 8D43BD7D220B4B59000BA29B /* Build configuration list for PBXProject "FlowCoordinatorPOC" */;
			compatibilityVersion = "Xcode 9.3";
			developmentRegion = en;
			hasScannedForEncodings = 0;
			knownRegions = (
				en,
				Base,
			);
			mainGroup = 8D43BD79220B4B59000BA29B;
			productRefGroup = 8D43BD83220B4B59000BA29B /* Products */;
			projectDirPath = "";
			projectRoot = "";
			targets = (
				8D43BD81220B4B59000BA29B /* FlowCoordinatorPOC */,
			);
		};
/* End PBXProject section */

/* Begin PBXResourcesBuildPhase section */
		8D43BD80220B4B59000BA29B /* Resources */ = {
			isa = PBXResourcesBuildPhase;
			buildActionMask = 2147483647;
			files = (
				8D43BDA7220BE733000BA29B /* MissionDetailViewController.xib in Resources */,
				8D43BD9B220BACE1000BA29B /* AgentAuthenticationViewController.xib in Resources */,
				8D43BD9F220BE132000BA29B /* PINInputViewController.xib in Resources */,
				8D43BDA3220BE4F9000BA29B /* MissionListViewController.xib in Resources */,
				8D43BD90220B4B5A000BA29B /* LaunchScreen.storyboard in Resources */,
				8D43BD8D220B4B5A000BA29B /* Assets.xcassets in Resources */,
				8D43BDB9220C0399000BA29B /* MissionCell.xib in Resources */,
			);
			runOnlyForDeploymentPostprocessing = 0;
		};
/* End PBXResourcesBuildPhase section */

/* Begin PBXSourcesBuildPhase section */
		8D43BD7E220B4B59000BA29B /* Sources */ = {
			isa = PBXSourcesBuildPhase;
			buildActionMask = 2147483647;
			files = (
				8D43BD9A220BACE1000BA29B /* AgentAuthenticationViewController.swift in Sources */,
				8D43BD9E220BE132000BA29B /* PINInputViewController.swift in Sources */,
				8D43BDA6220BE733000BA29B /* MissionDetailViewController.swift in Sources */,
				8D43BDC4220C1A61000BA29B /* NewAgentPINInputViewModel.swift in Sources */,
				8D43BD88220B4B59000BA29B /* ViewController.swift in Sources */,
				8D43BD86220B4B59000BA29B /* AppDelegate.swift in Sources */,
				8D43BDAD220BFC69000BA29B /* Agent.swift in Sources */,
				8D43BDB8220C0399000BA29B /* MissionCell.swift in Sources */,
				8D43BDAB220BFBDC000BA29B /* Mission.swift in Sources */,
				8D43BDBE220C14E5000BA29B /* MissionDetailViewModel.swift in Sources */,
				8D43BDC6220C1AF6000BA29B /* ReturningAgentPINViewModel.swift in Sources */,
				8D43BDBC220C0918000BA29B /* MissionListViewModel.swift in Sources */,
				8D43BDB1220BFE17000BA29B /* AgentStorage.swift in Sources */,
				8D43BDC1220C1A0D000BA29B /* PINInputViewModel.swift in Sources */,
				8D43BDA2220BE4F9000BA29B /* MissionListViewController.swift in Sources */,
			);
			runOnlyForDeploymentPostprocessing = 0;
		};
/* End PBXSourcesBuildPhase section */

/* Begin PBXVariantGroup section */
		8D43BD8E220B4B5A000BA29B /* LaunchScreen.storyboard */ = {
			isa = PBXVariantGroup;
			children = (
				8D43BD8F220B4B5A000BA29B /* Base */,
			);
			name = LaunchScreen.storyboard;
			sourceTree = "<group>";
		};
/* End PBXVariantGroup section */

/* Begin XCBuildConfiguration section */
		8D43BD92220B4B5A000BA29B /* Debug */ = {
			isa = XCBuildConfiguration;
			buildSettings = {
				ALWAYS_SEARCH_USER_PATHS = NO;
				CLANG_ANALYZER_NONNULL = YES;
				CLANG_ANALYZER_NUMBER_OBJECT_CONVERSION = YES_AGGRESSIVE;
				CLANG_CXX_LANGUAGE_STANDARD = "gnu++14";
				CLANG_CXX_LIBRARY = "libc++";
				CLANG_ENABLE_MODULES = YES;
				CLANG_ENABLE_OBJC_ARC = YES;
				CLANG_ENABLE_OBJC_WEAK = YES;
				CLANG_WARN_BLOCK_CAPTURE_AUTORELEASING = YES;
				CLANG_WARN_BOOL_CONVERSION = YES;
				CLANG_WARN_COMMA = YES;
				CLANG_WARN_CONSTANT_CONVERSION = YES;
				CLANG_WARN_DEPRECATED_OBJC_IMPLEMENTATIONS = YES;
				CLANG_WARN_DIRECT_OBJC_ISA_USAGE = YES_ERROR;
				CLANG_WARN_DOCUMENTATION_COMMENTS = YES;
				CLANG_WARN_EMPTY_BODY = YES;
				CLANG_WARN_ENUM_CONVERSION = YES;
				CLANG_WARN_INFINITE_RECURSION = YES;
				CLANG_WARN_INT_CONVERSION = YES;
				CLANG_WARN_NON_LITERAL_NULL_CONVERSION = YES;
				CLANG_WARN_OBJC_IMPLICIT_RETAIN_SELF = YES;
				CLANG_WARN_OBJC_LITERAL_CONVERSION = YES;
				CLANG_WARN_OBJC_ROOT_CLASS = YES_ERROR;
				CLANG_WARN_RANGE_LOOP_ANALYSIS = YES;
				CLANG_WARN_STRICT_PROTOTYPES = YES;
				CLANG_WARN_SUSPICIOUS_MOVE = YES;
				CLANG_WARN_UNGUARDED_AVAILABILITY = YES_AGGRESSIVE;
				CLANG_WARN_UNREACHABLE_CODE = YES;
				CLANG_WARN__DUPLICATE_METHOD_MATCH = YES;
				CODE_SIGN_IDENTITY = "iPhone Developer";
				COPY_PHASE_STRIP = NO;
				DEBUG_INFORMATION_FORMAT = dwarf;
				ENABLE_STRICT_OBJC_MSGSEND = YES;
				ENABLE_TESTABILITY = YES;
				GCC_C_LANGUAGE_STANDARD = gnu11;
				GCC_DYNAMIC_NO_PIC = NO;
				GCC_NO_COMMON_BLOCKS = YES;
				GCC_OPTIMIZATION_LEVEL = 0;
				GCC_PREPROCESSOR_DEFINITIONS = (
					"DEBUG=1",
					"$(inherited)",
				);
				GCC_WARN_64_TO_32_BIT_CONVERSION = YES;
				GCC_WARN_ABOUT_RETURN_TYPE = YES_ERROR;
				GCC_WARN_UNDECLARED_SELECTOR = YES;
				GCC_WARN_UNINITIALIZED_AUTOS = YES_AGGRESSIVE;
				GCC_WARN_UNUSED_FUNCTION = YES;
				GCC_WARN_UNUSED_VARIABLE = YES;
				IPHONEOS_DEPLOYMENT_TARGET = 12.1;
				MTL_ENABLE_DEBUG_INFO = INCLUDE_SOURCE;
				MTL_FAST_MATH = YES;
				ONLY_ACTIVE_ARCH = YES;
				SDKROOT = iphoneos;
				SWIFT_ACTIVE_COMPILATION_CONDITIONS = DEBUG;
				SWIFT_OPTIMIZATION_LEVEL = "-Onone";
			};
			name = Debug;
		};
		8D43BD93220B4B5A000BA29B /* Release */ = {
			isa = XCBuildConfiguration;
			buildSettings = {
				ALWAYS_SEARCH_USER_PATHS = NO;
				CLANG_ANALYZER_NONNULL = YES;
				CLANG_ANALYZER_NUMBER_OBJECT_CONVERSION = YES_AGGRESSIVE;
				CLANG_CXX_LANGUAGE_STANDARD = "gnu++14";
				CLANG_CXX_LIBRARY = "libc++";
				CLANG_ENABLE_MODULES = YES;
				CLANG_ENABLE_OBJC_ARC = YES;
				CLANG_ENABLE_OBJC_WEAK = YES;
				CLANG_WARN_BLOCK_CAPTURE_AUTORELEASING = YES;
				CLANG_WARN_BOOL_CONVERSION = YES;
				CLANG_WARN_COMMA = YES;
				CLANG_WARN_CONSTANT_CONVERSION = YES;
				CLANG_WARN_DEPRECATED_OBJC_IMPLEMENTATIONS = YES;
				CLANG_WARN_DIRECT_OBJC_ISA_USAGE = YES_ERROR;
				CLANG_WARN_DOCUMENTATION_COMMENTS = YES;
				CLANG_WARN_EMPTY_BODY = YES;
				CLANG_WARN_ENUM_CONVERSION = YES;
				CLANG_WARN_INFINITE_RECURSION = YES;
				CLANG_WARN_INT_CONVERSION = YES;
				CLANG_WARN_NON_LITERAL_NULL_CONVERSION = YES;
				CLANG_WARN_OBJC_IMPLICIT_RETAIN_SELF = YES;
				CLANG_WARN_OBJC_LITERAL_CONVERSION = YES;
				CLANG_WARN_OBJC_ROOT_CLASS = YES_ERROR;
				CLANG_WARN_RANGE_LOOP_ANALYSIS = YES;
				CLANG_WARN_STRICT_PROTOTYPES = YES;
				CLANG_WARN_SUSPICIOUS_MOVE = YES;
				CLANG_WARN_UNGUARDED_AVAILABILITY = YES_AGGRESSIVE;
				CLANG_WARN_UNREACHABLE_CODE = YES;
				CLANG_WARN__DUPLICATE_METHOD_MATCH = YES;
				CODE_SIGN_IDENTITY = "iPhone Developer";
				COPY_PHASE_STRIP = NO;
				DEBUG_INFORMATION_FORMAT = "dwarf-with-dsym";
				ENABLE_NS_ASSERTIONS = NO;
				ENABLE_STRICT_OBJC_MSGSEND = YES;
				GCC_C_LANGUAGE_STANDARD = gnu11;
				GCC_NO_COMMON_BLOCKS = YES;
				GCC_WARN_64_TO_32_BIT_CONVERSION = YES;
				GCC_WARN_ABOUT_RETURN_TYPE = YES_ERROR;
				GCC_WARN_UNDECLARED_SELECTOR = YES;
				GCC_WARN_UNINITIALIZED_AUTOS = YES_AGGRESSIVE;
				GCC_WARN_UNUSED_FUNCTION = YES;
				GCC_WARN_UNUSED_VARIABLE = YES;
				IPHONEOS_DEPLOYMENT_TARGET = 12.1;
				MTL_ENABLE_DEBUG_INFO = NO;
				MTL_FAST_MATH = YES;
				SDKROOT = iphoneos;
				SWIFT_COMPILATION_MODE = wholemodule;
				SWIFT_OPTIMIZATION_LEVEL = "-O";
				VALIDATE_PRODUCT = YES;
			};
			name = Release;
		};
		8D43BD95220B4B5A000BA29B /* Debug */ = {
			isa = XCBuildConfiguration;
			buildSettings = {
				ASSETCATALOG_COMPILER_APPICON_NAME = AppIcon;
				CODE_SIGN_STYLE = Automatic;
				DEVELOPMENT_TEAM = GX458V4RKG;
				INFOPLIST_FILE = FlowCoordinatorPOC/Info.plist;
				LD_RUNPATH_SEARCH_PATHS = (
					"$(inherited)",
					"@executable_path/Frameworks",
				);
				PRODUCT_BUNDLE_IDENTIFIER = net.edopelawi.FlowCoordinatorPOC;
				PRODUCT_NAME = "$(TARGET_NAME)";
				SWIFT_VERSION = 4.2;
				TARGETED_DEVICE_FAMILY = "1,2";
			};
			name = Debug;
		};
		8D43BD96220B4B5A000BA29B /* Release */ = {
			isa = XCBuildConfiguration;
			buildSettings = {
				ASSETCATALOG_COMPILER_APPICON_NAME = AppIcon;
				CODE_SIGN_STYLE = Automatic;
				DEVELOPMENT_TEAM = GX458V4RKG;
				INFOPLIST_FILE = FlowCoordinatorPOC/Info.plist;
				LD_RUNPATH_SEARCH_PATHS = (
					"$(inherited)",
					"@executable_path/Frameworks",
				);
				PRODUCT_BUNDLE_IDENTIFIER = net.edopelawi.FlowCoordinatorPOC;
				PRODUCT_NAME = "$(TARGET_NAME)";
				SWIFT_VERSION = 4.2;
				TARGETED_DEVICE_FAMILY = "1,2";
			};
			name = Release;
		};
/* End XCBuildConfiguration section */

/* Begin XCConfigurationList section */
		8D43BD7D220B4B59000BA29B /* Build configuration list for PBXProject "FlowCoordinatorPOC" */ = {
			isa = XCConfigurationList;
			buildConfigurations = (
				8D43BD92220B4B5A000BA29B /* Debug */,
				8D43BD93220B4B5A000BA29B /* Release */,
			);
			defaultConfigurationIsVisible = 0;
			defaultConfigurationName = Release;
		};
		8D43BD94220B4B5A000BA29B /* Build configuration list for PBXNativeTarget "FlowCoordinatorPOC" */ = {
			isa = XCConfigurationList;
			buildConfigurations = (
				8D43BD95220B4B5A000BA29B /* Debug */,
				8D43BD96220B4B5A000BA29B /* Release */,
			);
			defaultConfigurationIsVisible = 0;
			defaultConfigurationName = Release;
		};
/* End XCConfigurationList section */
	};
	rootObject = 8D43BD7A220B4B59000BA29B /* Project object */;
}
